{
  "name": "feat-table-timeline",
  "lockfileVersion": 3,
  "requires": true,
  "packages": {
    "": {
      "dependencies": {
        "@tiptap/extension-character-count": "^3.26.0",
        "@tiptap/extension-code-block-lowlight": "^3.26.0",
        "@tiptap/extension-font-family": "^3.26.0",
        "@tiptap/extension-highlight": "^3.26.0",
        "@tiptap/extension-mention": "^3.26.0",
        "@tiptap/extension-subscript": "^3.26.0",
        "@tiptap/extension-superscript": "^3.26.0",
        "@tiptap/extension-text-align": "^3.26.0",
        "@tiptap/extension-text-style": "^3.26.0",
        "@tiptap/extension-typography": "^3.26.0",
        "date-fns": "^4.4.0",
        "lowlight": "^3.3.0"
      }
    },
    "node_modules/@tiptap/core": {
      "version": "3.26.0",
      "resolved": "https://registry.npmjs.org/@tiptap/core/-/core-3.26.0.tgz",
      "integrity": "sha512-7jTed/RirIVsp+lLdLvGzGqF3EBGpnGHGYKOwz6t28V2BIJLAFdUhfEVdWie7xPxQNWK0TP+fPlsqZS0vxfHBg==",
      "license": "MIT",
      "peer": true,
      "funding": {
        "type": "github",
        "url": "https://github.com/sponsors/ueberdosis"
      },
      "peerDependencies": {
        "@tiptap/pm": "3.26.0"
      }
    },
    "node_modules/@tiptap/extension-character-count": {
      "version": "3.26.0",
      "resolved": "https://registry.npmjs.org/@tiptap/extension-character-count/-/extension-character-count-3.26.0.tgz",
      "integrity": "sha512-/QmKuVlECmp/8+hN6f9Vunud5XEGf8F5l/oq1nCOU8WUIUPPCKEyKwbWguHqVsiqAYKBqZt6tvTsdX8dGItgQQ==",
      "license": "MIT",
      "funding": {
        "type": "github",
        "url": "https://github.com/sponsors/ueberdosis"
      },
      "peerDependencies": {
        "@tiptap/extensions": "3.26.0"
      }
    },
    "node_modules/@tiptap/extension-code-block": {
      "version": "3.26.0",
      "resolved": "https://registry.npmjs.org/@tiptap/extension-code-block/-/extension-code-block-3.26.0.tgz",
      "integrity": "sha512-WPN9iZ3UjeDD2ckDzSs9tleibXv0cLj7j575NxuvjhwZTehYGNeYDSUTi+6DQUG6bKbhGg9Wcei5H0131vvJHg==",
      "license": "MIT",
      "peer": true,
      "funding": {
        "type": "github",
        "url": "https://github.com/sponsors/ueberdosis"
      },
      "peerDependencies": {
        "@tiptap/core": "3.26.0",
        "@tiptap/pm": "3.26.0"
      }
    },
    "node_modules/@tiptap/extension-code-block-lowlight": {
      "version": "3.26.0",
      "resolved": "https://registry.npmjs.org/@tiptap/extension-code-block-lowlight/-/extension-code-block-lowlight-3.26.0.tgz",
      "integrity": "sha512-OW1uCDPz9gqto/cfb/2KHpLLlHeQcmf/j4I6CBoi1gOc9RlTQ1remt19ag2vupCnNt0t2NSviI4UKoyX6qo0nQ==",
      "license": "MIT",
      "funding": {
        "type": "github",
        "url": "https://github.com/sponsors/ueberdosis"
      },
      "peerDependencies": {
        "@tiptap/core": "3.26.0",
        "@tiptap/extension-code-block": "3.26.0",
        "@tiptap/pm": "3.26.0",
        "highlight.js": "^11",
        "lowlight": "^2 || ^3"
      }
    },
    "node_modules/@tiptap/extension-font-family": {
      "version": "3.26.0",
      "resolved": "https://registry.npmjs.org/@tiptap/extension-font-family/-/extension-font-family-3.26.0.tgz",
      "integrity": "sha512-xlpzL2LCfvaDPUJ7wXs5zMU2zKo4a4XIERJl7NMZzYkYccri4Kpw6HSrt9qNns7QudgMECYKwuONbrYaHJA35A==",
      "license": "MIT",
      "funding": {
        "type": "github",
        "url": "https://github.com/sponsors/ueberdosis"
      },
      "peerDependencies": {
        "@tiptap/extension-text-style": "3.26.0"
      }
    },
    "node_modules/@tiptap/extension-highlight": {
      "version": "3.26.0",
      "resolved": "https://registry.npmjs.org/@tiptap/extension-highlight/-/extension-highlight-3.26.0.tgz",
      "integrity": "sha512-/b6pImBTdgOc8UVMJiJNQ/QAtZ0Z4+2XyxmzoNIiOPGjQDy/IxLtci8+M2BYWRIRbgjCS9XllsfnKWVyO8pe+w==",
      "license": "MIT",
      "funding": {
        "type": "github",
        "url": "https://github.com/sponsors/ueberdosis"
      },
      "peerDependencies": {
        "@tiptap/core": "3.26.0"
      }
    },
    "node_modules/@tiptap/extension-mention": {
      "version": "3.26.0",
      "resolved": "https://registry.npmjs.org/@tiptap/extension-mention/-/extension-mention-3.26.0.tgz",
      "integrity": "sha512-YBUt978hsvHOsDtDVPpCjaBItjHxdH/m4x9kmFxdG8JrK0j6yURegM6Hwn/JHikGTXL0ad58QS5IC2a7Tngk8g==",
      "license": "MIT",
      "funding": {
        "type": "github",
        "url": "https://github.com/sponsors/ueberdosis"
      },
      "peerDependencies": {
        "@tiptap/core": "3.26.0",
        "@tiptap/pm": "3.26.0",
        "@tiptap/suggestion": "3.26.0"
      }
    },
    "node_modules/@tiptap/extension-subscript": {
      "version": "3.26.0",
      "resolved": "https://registry.npmjs.org/@tiptap/extension-subscript/-/extension-subscript-3.26.0.tgz",
      "integrity": "sha512-6H4otLGtA2t2w/k4YxtUaDve+OV1ARUwJY2CDvOJrUWIUMCexCe6ppqR2ZAxkyGMa5TLHqgS0+7Z2wjrjERVPw==",
      "license": "MIT",
      "funding": {
        "type": "github",
        "url": "https://github.com/sponsors/ueberdosis"
      },
      "peerDependencies": {
        "@tiptap/core": "3.26.0",
        "@tiptap/pm": "3.26.0"
      }
    },
    "node_modules/@tiptap/extension-superscript": {
      "version": "3.26.0",
      "resolved": "https://registry.npmjs.org/@tiptap/extension-superscript/-/extension-superscript-3.26.0.tgz",
      "integrity": "sha512-pewb9auEW6ZXZFZK4SacaLDj/qah8Ob4eVKUwW7dLjC6ga9UQmlhMnI/YhgB68qfbKxq7g4oYpHYj1zmU/74EQ==",
      "license": "MIT",
      "funding": {
        "type": "github",
        "url": "https://github.com/sponsors/ueberdosis"
      },
      "peerDependencies": {
        "@tiptap/core": "3.26.0",
        "@tiptap/pm": "3.26.0"
      }
    },
    "node_modules/@tiptap/extension-text-align": {
      "version": "3.26.0",
      "resolved": "https://registry.npmjs.org/@tiptap/extension-text-align/-/extension-text-align-3.26.0.tgz",
      "integrity": "sha512-yEtgrEJyE7sfcIAzk9cmJUQUMQZ/J0RU3k7mE+hy5o7t8j78Zs+KcsH+hrczn0MNzblg4gfX2erN+1/SGfSlpA==",
      "license": "MIT",
      "funding": {
        "type": "github",
        "url": "https://github.com/sponsors/ueberdosis"
      },
      "peerDependencies": {
        "@tiptap/core": "3.26.0"
      }
    },
    "node_modules/@tiptap/extension-text-style": {
      "version": "3.26.0",
      "resolved": "https://registry.npmjs.org/@tiptap/extension-text-style/-/extension-text-style-3.26.0.tgz",
      "integrity": "sha512-4IeIdiubF5/Em9AodaLkCKUNwkQaK3KuwnneXS61x4Yoyr0zK21i3kZAFK7ils7jUwSrRdGdM1FglBnB4tK8nA==",
      "license": "MIT",
      "funding": {
        "type": "github",
        "url": "https://github.com/sponsors/ueberdosis"
      },
      "peerDependencies": {
        "@tiptap/core": "3.26.0"
      }
    },
    "node_modules/@tiptap/extension-typography": {
      "version": "3.26.0",
      "resolved": "https://registry.npmjs.org/@tiptap/extension-typography/-/extension-typography-3.26.0.tgz",
      "integrity": "sha512-dNOPmVPCcC57SpTDIxSlrSSNZt4zVG0eNCQHCLyTGh3/1y9TCjdJFSEy9uffQdgfv05tjIwRakGmctENlX3SxQ==",
      "license": "MIT",
      "funding": {
        "type": "github",
        "url": "https://github.com/sponsors/ueberdosis"
      },
      "peerDependencies": {
        "@tiptap/core": "3.26.0"
      }
    },
    "node_modules/@tiptap/extensions": {
      "version": "3.26.0",
      "resolved": "https://registry.npmjs.org/@tiptap/extensions/-/extensions-3.26.0.tgz",
      "integrity": "sha512-4wajuqnO2X0+LVvsBjW/xk3/tmdb16bNL939QhicAay4YYqXITeV2v3XJsryzmG4L5GkK1yLxvRGk4aLoxWrnA==",
      "license": "MIT",
      "peer": true,
      "funding": {
        "type": "github",
        "url": "https://github.com/sponsors/ueberdosis"
      },
      "peerDependencies": {
        "@tiptap/core": "3.26.0",
        "@tiptap/pm": "3.26.0"
      }
    },
    "node_modules/@tiptap/pm": {
      "version": "3.26.0",
      "resolved": "https://registry.npmjs.org/@tiptap/pm/-/pm-3.26.0.tgz",
      "integrity": "sha512-q4RDeWwVrhOL0jJCGRgGxLSdjOYwzQ4h2InURZVhC66433ipcHd6f3bqSOhcXZ4r0sFmMNsuF7aZmUntjWLc7w==",
      "license": "MIT",
      "peer": true,
      "dependencies": {
        "prosemirror-changeset": "^2.3.0",
        "prosemirror-commands": "^1.6.2",
        "prosemirror-dropcursor": "^1.8.1",
        "prosemirror-gapcursor": "^1.3.2",
        "prosemirror-history": "^1.4.1",
        "prosemirror-inputrules": "^1.4.0",
        "prosemirror-keymap": "^1.2.3",
        "prosemirror-model": "^1.25.7",
        "prosemirror-schema-list": "^1.5.0",
        "prosemirror-state": "^1.4.4",
        "prosemirror-tables": "^1.8.0",
        "prosemirror-transform": "^1.12.0",
        "prosemirror-view": "^1.41.8"
      },
      "funding": {
        "type": "github",
        "url": "https://github.com/sponsors/ueberdosis"
      }
    },
    "node_modules/@tiptap/suggestion": {
      "version": "3.26.0",
      "resolved": "https://registry.npmjs.org/@tiptap/suggestion/-/suggestion-3.26.0.tgz",
      "integrity": "sha512-3jxBvjmfooQroR0eCw61kSgr+g90KFVD3dM5bANhpQbCpCYRydp/iXDQmpoPHjv8FpeU5JZgcnJ3R9vhjeIM2A==",
      "license": "MIT",
      "peer": true,
      "funding": {
        "type": "github",
        "url": "https://github.com/sponsors/ueberdosis"
      },
      "peerDependencies": {
        "@tiptap/core": "3.26.0",
        "@tiptap/pm": "3.26.0"
      }
    },
    "node_modules/@types/hast": {
      "version": "3.0.4",
      "resolved": "https://registry.npmjs.org/@types/hast/-/hast-3.0.4.tgz",
      "integrity": "sha512-WPs+bbQw5aCj+x6laNGWLH3wviHtoCv/P3+otBhbOhJgG8qtpdAMlTCxLtsTWA7LH1Oh/bFCHsBn0TPS5m30EQ==",
      "license": "MIT",
      "dependencies": {
        "@types/unist": "*"
      }
    },
    "node_modules/@types/unist": {
      "version": "3.0.3",
      "resolved": "https://registry.npmjs.org/@types/unist/-/unist-3.0.3.tgz",
      "integrity": "sha512-ko/gIFJRv177XgZsZcBwnqJN5x/Gien8qNOn0D5bQU/zAzVf9Zt3BlcUiLqhV9y4ARk0GbT3tnUiPNgnTXzc/Q==",
      "license": "MIT"
    },
    "node_modules/date-fns": {
      "version": "4.4.0",
      "resolved": "https://registry.npmjs.org/date-fns/-/date-fns-4.4.0.tgz",
      "integrity": "sha512-+1UMbeh68lH1SegH83CGWwpb6OHHbpSgr3+s5Eww5M4CAgswBpoWS0AjTOfEJ33HiYKz1hdj/KTFprzXHmq/6w==",
      "license": "MIT",
      "funding": {
        "type": "github",
        "url": "https://github.com/sponsors/kossnocorp"
      }
    },
    "node_modules/dequal": {
      "version": "2.0.3",
      "resolved": "https://registry.npmjs.org/dequal/-/dequal-2.0.3.tgz",
      "integrity": "sha512-0je+qPKHEMohvfRTCEo3CrPG6cAzAYgmzKyxRiYSSDkS6eGJdyVJm7WaYA5ECaAD9wLB2T4EEeymA5aFVcYXCA==",
      "license": "MIT",
      "engines": {
        "node": ">=6"
      }
    },
    "node_modules/devlop": {
      "version": "1.1.0",
      "resolved": "https://registry.npmjs.org/devlop/-/devlop-1.1.0.tgz",
      "integrity": "sha512-RWmIqhcFf1lRYBvNmr7qTNuyCt/7/ns2jbpp1+PalgE/rDQcBT0fioSMUpJ93irlUhC5hrg4cYqe6U+0ImW0rA==",
      "license": "MIT",
      "dependencies": {
        "dequal": "^2.0.0"
      },
      "funding": {
        "type": "github",
        "url": "https://github.com/sponsors/wooorm"
      }
    },
    "node_modules/highlight.js": {
      "version": "11.11.1",
      "resolved": "https://registry.npmjs.org/highlight.js/-/highlight.js-11.11.1.tgz",
      "integrity": "sha512-Xwwo44whKBVCYoliBQwaPvtd/2tYFkRQtXDWj1nackaV2JPXx3L0+Jvd8/qCJ2p+ML0/XVkJ2q+Mr+UVdpJK5w==",
      "license": "BSD-3-Clause",
      "engines": {
        "node": ">=12.0.0"
      }
    },
    "node_modules/lowlight": {
      "version": "3.3.0",
      "resolved": "https://registry.npmjs.org/lowlight/-/lowlight-3.3.0.tgz",
      "integrity": "sha512-0JNhgFoPvP6U6lE/UdVsSq99tn6DhjjpAj5MxG49ewd2mOBVtwWYIT8ClyABhq198aXXODMU6Ox8DrGy/CpTZQ==",
      "license": "MIT",
      "dependencies": {
        "@types/hast": "^3.0.0",
        "devlop": "^1.0.0",
        "highlight.js": "~11.11.0"
      },
      "funding": {
        "type": "github",
        "url": "https://github.com/sponsors/wooorm"
      }
    },
    "node_modules/orderedmap": {
      "version": "2.1.1",
      "resolved": "https://registry.npmjs.org/orderedmap/-/orderedmap-2.1.1.tgz",
      "integrity": "sha512-TvAWxi0nDe1j/rtMcWcIj94+Ffe6n7zhow33h40SKxmsmozs6dz/e+EajymfoFcHd7sxNn8yHM8839uixMOV6g==",
      "license": "MIT",
      "peer": true
    },
    "node_modules/prosemirror-changeset": {
      "version": "2.4.1",
      "resolved": "https://registry.npmjs.org/prosemirror-changeset/-/prosemirror-changeset-2.4.1.tgz",
      "integrity": "sha512-96WBLhOaYhJ+kPhLg3uW359Tz6I/MfcrQfL4EGv4SrcqKEMC1gmoGrXHecPE8eOwTVCJ4IwgfzM8fFad25wNfw==",
      "license": "MIT",
      "peer": true,
      "dependencies": {
        "prosemirror-transform": "^1.0.0"
      }
    },
    "node_modules/prosemirror-commands": {
      "version": "1.7.1",
      "resolved": "https://registry.npmjs.org/prosemirror-commands/-/prosemirror-commands-1.7.1.tgz",
      "integrity": "sha512-rT7qZnQtx5c0/y/KlYaGvtG411S97UaL6gdp6RIZ23DLHanMYLyfGBV5DtSnZdthQql7W+lEVbpSfwtO8T+L2w==",
      "license": "MIT",
      "peer": true,
      "dependencies": {
        "prosemirror-model": "^1.0.0",
        "prosemirror-state": "^1.0.0",
        "prosemirror-transform": "^1.10.2"
      }
    },
    "node_modules/prosemirror-dropcursor": {
      "version": "1.8.2",
      "resolved": "https://registry.npmjs.org/prosemirror-dropcursor/-/prosemirror-dropcursor-1.8.2.tgz",
      "integrity": "sha512-CCk6Gyx9+Tt2sbYk5NK0nB1ukHi2ryaRgadV/LvyNuO3ena1payM2z6Cg0vO1ebK8cxbzo41ku2DE5Axj1Zuiw==",
      "license": "MIT",
      "peer": true,
      "dependencies": {
        "prosemirror-state": "^1.0.0",
        "prosemirror-transform": "^1.1.0",
        "prosemirror-view": "^1.1.0"
      }
    },
    "node_modules/prosemirror-gapcursor": {
      "version": "1.4.1",
      "resolved": "https://registry.npmjs.org/prosemirror-gapcursor/-/prosemirror-gapcursor-1.4.1.tgz",
      "integrity": "sha512-pMdYaEnjNMSwl11yjEGtgTmLkR08m/Vl+Jj443167p9eB3HVQKhYCc4gmHVDsLPODfZfjr/MmirsdyZziXbQKw==",
      "license": "MIT",
      "peer": true,
      "dependencies": {
        "prosemirror-keymap": "^1.0.0",
        "prosemirror-model": "^1.0.0",
        "prosemirror-state": "^1.0.0",
        "prosemirror-view": "^1.0.0"
      }
    },
    "node_modules/prosemirror-history": {
      "version": "1.5.0",
      "resolved": "https://registry.npmjs.org/prosemirror-history/-/prosemirror-history-1.5.0.tgz",
      "integrity": "sha512-zlzTiH01eKA55UAf1MEjtssJeHnGxO0j4K4Dpx+gnmX9n+SHNlDqI2oO1Kv1iPN5B1dm5fsljCfqKF9nFL6HRg==",
      "license": "MIT",
      "peer": true,
      "dependencies": {
        "prosemirror-state": "^1.2.2",
        "prosemirror-transform": "^1.0.0",
        "prosemirror-view": "^1.31.0",
        "rope-sequence": "^1.3.0"
      }
    },
    "node_modules/prosemirror-inputrules": {
      "version": "1.5.1",
      "resolved": "https://registry.npmjs.org/prosemirror-inputrules/-/prosemirror-inputrules-1.5.1.tgz",
      "integrity": "sha512-7wj4uMjKaXWAQ1CDgxNzNtR9AlsuwzHfdFH1ygEHA2KHF2DOEaXl1CJfNPAKCg9qNEh4rum975QLaCiQPyY6Fw==",
      "license": "MIT",
      "peer": true,
      "dependencies": {
        "prosemirror-state": "^1.0.0",
        "prosemirror-transform": "^1.0.0"
      }
    },
    "node_modules/prosemirror-keymap": {
      "version": "1.2.3",
      "resolved": "https://registry.npmjs.org/prosemirror-keymap/-/prosemirror-keymap-1.2.3.tgz",
      "integrity": "sha512-4HucRlpiLd1IPQQXNqeo81BGtkY8Ai5smHhKW9jjPKRc2wQIxksg7Hl1tTI2IfT2B/LgX6bfYvXxEpJl7aKYKw==",
      "license": "MIT",
      "peer": true,
      "dependencies": {
        "prosemirror-state": "^1.0.0",
        "w3c-keyname": "^2.2.0"
      }
    },
    "node_modules/prosemirror-model": {
      "version": "1.25.7",
      "resolved": "https://registry.npmjs.org/prosemirror-model/-/prosemirror-model-1.25.7.tgz",
      "integrity": "sha512-A79aN8QEFUwI6cax8Yq4Rpcx1TJZ3Kagn+ii7qLo4/V8H3mMiHrhFyhTyHHvpSnOgMPpWiDGSwM3etwrxE50ug==",
      "license": "MIT",
      "peer": true,
      "dependencies": {
        "orderedmap": "^2.0.0"
      }
    },
    "node_modules/prosemirror-schema-list": {
      "version": "1.5.1",
      "resolved": "https://registry.npmjs.org/prosemirror-schema-list/-/prosemirror-schema-list-1.5.1.tgz",
      "integrity": "sha512-927lFx/uwyQaGwJxLWCZRkjXG0p48KpMj6ueoYiu4JX05GGuGcgzAy62dfiV8eFZftgyBUvLx76RsMe20fJl+Q==",
      "license": "MIT",
      "peer": true,
      "dependencies": {
        "prosemirror-model": "^1.0.0",
        "prosemirror-state": "^1.0.0",
        "prosemirror-transform": "^1.7.3"
      }
    },
    "node_modules/prosemirror-state": {
      "version": "1.4.4",
      "resolved": "https://registry.npmjs.org/prosemirror-state/-/prosemirror-state-1.4.4.tgz",
      "integrity": "sha512-6jiYHH2CIGbCfnxdHbXZ12gySFY/fz/ulZE333G6bPqIZ4F+TXo9ifiR86nAHpWnfoNjOb3o5ESi7J8Uz1jXHw==",
      "license": "MIT",
      "peer": true,
      "dependencies": {
        "prosemirror-model": "^1.0.0",
        "prosemirror-transform": "^1.0.0",
        "prosemirror-view": "^1.27.0"
      }
    },
    "node_modules/prosemirror-tables": {
      "version": "1.8.5",
      "resolved": "https://registry.npmjs.org/prosemirror-tables/-/prosemirror-tables-1.8.5.tgz",
      "integrity": "sha512-V/0cDCsHKHe/tfWkeCmthNUcEp1IVO3p6vwN8XtwE9PZQLAZJigbw3QoraAdfJPir4NKJtNvOB8oYGKRl+t0Dw==",
      "license": "MIT",
      "peer": true,
      "dependencies": {
        "prosemirror-keymap": "^1.2.3",
        "prosemirror-model": "^1.25.4",
        "prosemirror-state": "^1.4.4",
        "prosemirror-transform": "^1.10.5",
        "prosemirror-view": "^1.41.4"
      }
    },
    "node_modules/prosemirror-transform": {
      "version": "1.12.0",
      "resolved": "https://registry.npmjs.org/prosemirror-transform/-/prosemirror-transform-1.12.0.tgz",
      "integrity": "sha512-GxboyN4AMIsoHNtz5uf2r2Ru551i5hWeCMD6E2Ib4Eogqoub0NflniaBPVQ4MrGE5yZ8JV9tUHg9qcZTTrcN4w==",
      "license": "MIT",
      "peer": true,
      "dependencies": {
        "prosemirror-model": "^1.21.0"
      }
    },
    "node_modules/prosemirror-view": {
      "version": "1.41.8",
      "resolved": "https://registry.npmjs.org/prosemirror-view/-/prosemirror-view-1.41.8.tgz",
      "integrity": "sha512-TnKDdohEatgyZNGCDWIdccOHXhYloJwbwU+phw/a23KBvJIR9lWQWW7WHHK3vBdOLDNuF7TaX98GObUZOWkOnA==",
      "license": "MIT",
      "peer": true,
      "dependencies": {
        "prosemirror-model": "^1.20.0",
        "prosemirror-state": "^1.0.0",
        "prosemirror-transform": "^1.1.0"
      }
    },
    "node_modules/rope-sequence": {
      "version": "1.3.4",
      "resolved": "https://registry.npmjs.org/rope-sequence/-/rope-sequence-1.3.4.tgz",
      "integrity": "sha512-UT5EDe2cu2E/6O4igUr5PSFs23nvvukicWHx6GnOPlHAiiYbzNuCRQCuiUdHJQcqKalLKlrYJnjY0ySGsXNQXQ==",
      "license": "MIT",
      "peer": true
    },
    "node_modules/w3c-keyname": {
      "version": "2.2.8",
      "resolved": "https://registry.npmjs.org/w3c-keyname/-/w3c-keyname-2.2.8.tgz",
      "integrity": "sha512-dpojBhNsCNN7T82Tm7k26A6G9ML3NkhDsnw9n/eoxSRlVBB4CEtIQ/KTCLI2Fwf3ataSXRhYFkQi3SlnFwPvPQ==",
      "license": "MIT",
      "peer": true
    }
  }
}
