{
  "name": "mpm",
  "lockfileVersion": 3,
  "requires": true,
  "packages": {
    "": {
      "dependencies": {
        "@tiptap/extension-character-count": "^3.26.0",
        "@tiptap/extension-code-block-lowlight": "^3.26.0",
        "@tiptap/extension-font-family": "^3.26.0",
        "@tiptap/extension-highlight": "^3.26.0",
        "@tiptap/extension-mention": "^3.26.0",
        "@tiptap/extension-subscript": "^3.26.0",
        "@tiptap/extension-superscript": "^3.26.0",
        "@tiptap/extension-text-align": "^3.26.0",
        "@tiptap/extension-typography": "^3.26.0",
        "lowlight": "^3.3.0"
      }
    },
    "node_modules/@tiptap/extension-character-count": {
      "version": "3.26.0",
      "resolved": "https://registry.npmjs.org/@tiptap/extension-character-count/-/extension-character-count-3.26.0.tgz",
      "integrity": "sha512-/QmKuVlECmp/8+hN6f9Vunud5XEGf8F5l/oq1nCOU8WUIUPPCKEyKwbWguHqVsiqAYKBqZt6tvTsdX8dGItgQQ==",
      "license": "MIT",
      "funding": {
        "type": "github",
        "url": "https://github.com/sponsors/ueberdosis"
      },
      "peerDependencies": {
        "@tiptap/extensions": "3.26.0"
      }
    },
    "node_modules/@tiptap/extension-code-block-lowlight": {
      "version": "3.26.0",
      "resolved": "https://registry.npmjs.org/@tiptap/extension-code-block-lowlight/-/extension-code-block-lowlight-3.26.0.tgz",
      "integrity": "sha512-OW1uCDPz9gqto/cfb/2KHpLLlHeQcmf/j4I6CBoi1gOc9RlTQ1remt19ag2vupCnNt0t2NSviI4UKoyX6qo0nQ==",
      "license": "MIT",
      "funding": {
        "type": "github",
        "url": "https://github.com/sponsors/ueberdosis"
      },
      "peerDependencies": {
        "@tiptap/core": "3.26.0",
        "@tiptap/extension-code-block": "3.26.0",
        "@tiptap/pm": "3.26.0",
        "highlight.js": "^11",
        "lowlight": "^2 || ^3"
      }
    },
    "node_modules/@tiptap/extension-font-family": {
      "version": "3.26.0",
      "resolved": "https://registry.npmjs.org/@tiptap/extension-font-family/-/extension-font-family-3.26.0.tgz",
      "integrity": "sha512-xlpzL2LCfvaDPUJ7wXs5zMU2zKo4a4XIERJl7NMZzYkYccri4Kpw6HSrt9qNns7QudgMECYKwuONbrYaHJA35A==",
      "license": "MIT",
      "funding": {
        "type": "github",
        "url": "https://github.com/sponsors/ueberdosis"
      },
      "peerDependencies": {
        "@tiptap/extension-text-style": "3.26.0"
      }
    },
    "node_modules/@tiptap/extension-highlight": {
      "version": "3.26.0",
      "resolved": "https://registry.npmjs.org/@tiptap/extension-highlight/-/extension-highlight-3.26.0.tgz",
      "integrity": "sha512-/b6pImBTdgOc8UVMJiJNQ/QAtZ0Z4+2XyxmzoNIiOPGjQDy/IxLtci8+M2BYWRIRbgjCS9XllsfnKWVyO8pe+w==",
      "license": "MIT",
      "funding": {
        "type": "github",
        "url": "https://github.com/sponsors/ueberdosis"
      },
      "peerDependencies": {
        "@tiptap/core": "3.26.0"
      }
    },
    "node_modules/@tiptap/extension-mention": {
      "version": "3.26.0",
      "resolved": "https://registry.npmjs.org/@tiptap/extension-mention/-/extension-mention-3.26.0.tgz",
      "integrity": "sha512-YBUt978hsvHOsDtDVPpCjaBItjHxdH/m4x9kmFxdG8JrK0j6yURegM6Hwn/JHikGTXL0ad58QS5IC2a7Tngk8g==",
      "license": "MIT",
      "funding": {
        "type": "github",
        "url": "https://github.com/sponsors/ueberdosis"
      },
      "peerDependencies": {
        "@tiptap/core": "3.26.0",
        "@tiptap/pm": "3.26.0",
        "@tiptap/suggestion": "3.26.0"
      }
    },
    "node_modules/@tiptap/extension-subscript": {
      "version": "3.26.0",
      "resolved": "https://registry.npmjs.org/@tiptap/extension-subscript/-/extension-subscript-3.26.0.tgz",
      "integrity": "sha512-6H4otLGtA2t2w/k4YxtUaDve+OV1ARUwJY2CDvOJrUWIUMCexCe6ppqR2ZAxkyGMa5TLHqgS0+7Z2wjrjERVPw==",
      "license": "MIT",
      "funding": {
        "type": "github",
        "url": "https://github.com/sponsors/ueberdosis"
      },
      "peerDependencies": {
        "@tiptap/core": "3.26.0",
        "@tiptap/pm": "3.26.0"
      }
    },
    "node_modules/@tiptap/extension-superscript": {
      "version": "3.26.0",
      "resolved": "https://registry.npmjs.org/@tiptap/extension-superscript/-/extension-superscript-3.26.0.tgz",
      "integrity": "sha512-pewb9auEW6ZXZFZK4SacaLDj/qah8Ob4eVKUwW7dLjC6ga9UQmlhMnI/YhgB68qfbKxq7g4oYpHYj1zmU/74EQ==",
      "license": "MIT",
      "funding": {
        "type": "github",
        "url": "https://github.com/sponsors/ueberdosis"
      },
      "peerDependencies": {
        "@tiptap/core": "3.26.0",
        "@tiptap/pm": "3.26.0"
      }
    },
    "node_modules/@tiptap/extension-text-align": {
      "version": "3.26.0",
      "resolved": "https://registry.npmjs.org/@tiptap/extension-text-align/-/extension-text-align-3.26.0.tgz",
      "integrity": "sha512-yEtgrEJyE7sfcIAzk9cmJUQUMQZ/J0RU3k7mE+hy5o7t8j78Zs+KcsH+hrczn0MNzblg4gfX2erN+1/SGfSlpA==",
      "license": "MIT",
      "funding": {
        "type": "github",
        "url": "https://github.com/sponsors/ueberdosis"
      },
      "peerDependencies": {
        "@tiptap/core": "3.26.0"
      }
    },
    "node_modules/@tiptap/extension-typography": {
      "version": "3.26.0",
      "resolved": "https://registry.npmjs.org/@tiptap/extension-typography/-/extension-typography-3.26.0.tgz",
      "integrity": "sha512-dNOPmVPCcC57SpTDIxSlrSSNZt4zVG0eNCQHCLyTGh3/1y9TCjdJFSEy9uffQdgfv05tjIwRakGmctENlX3SxQ==",
      "license": "MIT",
      "funding": {
        "type": "github",
        "url": "https://github.com/sponsors/ueberdosis"
      },
      "peerDependencies": {
        "@tiptap/core": "3.26.0"
      }
    },
    "node_modules/@types/hast": {
      "version": "3.0.4",
      "resolved": "https://registry.npmjs.org/@types/hast/-/hast-3.0.4.tgz",
      "integrity": "sha512-WPs+bbQw5aCj+x6laNGWLH3wviHtoCv/P3+otBhbOhJgG8qtpdAMlTCxLtsTWA7LH1Oh/bFCHsBn0TPS5m30EQ==",
      "license": "MIT",
      "dependencies": {
        "@types/unist": "*"
      }
    },
    "node_modules/@types/unist": {
      "version": "3.0.3",
      "resolved": "https://registry.npmjs.org/@types/unist/-/unist-3.0.3.tgz",
      "integrity": "sha512-ko/gIFJRv177XgZsZcBwnqJN5x/Gien8qNOn0D5bQU/zAzVf9Zt3BlcUiLqhV9y4ARk0GbT3tnUiPNgnTXzc/Q==",
      "license": "MIT"
    },
    "node_modules/dequal": {
      "version": "2.0.3",
      "resolved": "https://registry.npmjs.org/dequal/-/dequal-2.0.3.tgz",
      "integrity": "sha512-0je+qPKHEMohvfRTCEo3CrPG6cAzAYgmzKyxRiYSSDkS6eGJdyVJm7WaYA5ECaAD9wLB2T4EEeymA5aFVcYXCA==",
      "license": "MIT",
      "engines": {
        "node": ">=6"
      }
    },
    "node_modules/devlop": {
      "version": "1.1.0",
      "resolved": "https://registry.npmjs.org/devlop/-/devlop-1.1.0.tgz",
      "integrity": "sha512-RWmIqhcFf1lRYBvNmr7qTNuyCt/7/ns2jbpp1+PalgE/rDQcBT0fioSMUpJ93irlUhC5hrg4cYqe6U+0ImW0rA==",
      "license": "MIT",
      "dependencies": {
        "dequal": "^2.0.0"
      },
      "funding": {
        "type": "github",
        "url": "https://github.com/sponsors/wooorm"
      }
    },
    "node_modules/highlight.js": {
      "version": "11.11.1",
      "resolved": "https://registry.npmjs.org/highlight.js/-/highlight.js-11.11.1.tgz",
      "integrity": "sha512-Xwwo44whKBVCYoliBQwaPvtd/2tYFkRQtXDWj1nackaV2JPXx3L0+Jvd8/qCJ2p+ML0/XVkJ2q+Mr+UVdpJK5w==",
      "license": "BSD-3-Clause",
      "engines": {
        "node": ">=12.0.0"
      }
    },
    "node_modules/lowlight": {
      "version": "3.3.0",
      "resolved": "https://registry.npmjs.org/lowlight/-/lowlight-3.3.0.tgz",
      "integrity": "sha512-0JNhgFoPvP6U6lE/UdVsSq99tn6DhjjpAj5MxG49ewd2mOBVtwWYIT8ClyABhq198aXXODMU6Ox8DrGy/CpTZQ==",
      "license": "MIT",
      "dependencies": {
        "@types/hast": "^3.0.0",
        "devlop": "^1.0.0",
        "highlight.js": "~11.11.0"
      },
      "funding": {
        "type": "github",
        "url": "https://github.com/sponsors/wooorm"
      }
    }
  }
}
